# This file is automatically @generated by Poetry and should not be changed by hand.

[[package]]
name = "apsw"
version = "3.40.1.0"
description = "Another Python SQLite Wrapper"
category = "main"
optional = false
python-versions = "*"
files = [
    {file = "apsw-3.40.1.0-cp310-cp310-macosx_10_9_universal2.whl", hash = "sha256:28722506d3aaea25928a2aa163532ca0831b6fd59d70f5d95cf891c260b62b3a"},
    {file = "apsw-3.40.1.0-cp310-cp310-macosx_10_9_x86_64.whl", hash = "sha256:756573091f1768f7fa1642f8f07d249c509837487a97d9a1de5e376aedb047a9"},
    {file = "apsw-3.40.1.0-cp310-cp310-macosx_11_0_arm64.whl", hash = "sha256:7679969e92fa7fcf0eab7cc2a1d22caafbb12ceb143c5dc6ee371eadc370cdf5"},
    {file = "apsw-3.40.1.0-cp310-cp310-manylinux_2_17_aarch64.manylinux2014_aarch64.whl", hash = "sha256:e92f942681365255573d00064291459b2d7415fe4c0e998a91e846f7096287bf"},
    {file = "apsw-3.40.1.0-cp310-cp310-manylinux_2_17_x86_64.manylinux2014_x86_64.whl", hash = "sha256:ce413b4768a4842b9b7060a25acde3bcc2d7e8fa9c9de4c22384a0615eec5708"},
    {file = "apsw-3.40.1.0-cp310-cp310-manylinux_2_5_i686.manylinux1_i686.manylinux_2_17_i686.manylinux2014_i686.whl", hash = "sha256:839177fcb8ad588b13864ba281bfbb7c3d56aa4a7beab73212c2db79a70ac515"},
    {file = "apsw-3.40.1.0-cp310-cp310-musllinux_1_1_aarch64.whl", hash = "sha256:d5687c973a6e8ee6a13e87a47a54fd5e79e517fde745b4c402c49bcc04d099f4"},
    {file = "apsw-3.40.1.0-cp310-cp310-musllinux_1_1_i686.whl", hash = "sha256:b27d8d5b39b0b2ddf75182ad1c92829a6436c16d2280c3968f2bad94ba7aca6f"},
    {file = "apsw-3.40.1.0-cp310-cp310-musllinux_1_1_x86_64.whl", hash = "sha256:322785122135ba789d82ed06c4365b7ee2fec4cd91d407673facdd4365acdebf"},
    {file = "apsw-3.40.1.0-cp310-cp310-win32.whl", hash = "sha256:228d0d4b3964e22ed3e057bd260144672032019fcf5bf6b40c8d085d91e68bc9"},
    {file = "apsw-3.40.1.0-cp310-cp310-win_amd64.whl", hash = "sha256:aad2f1b21689ef07ccf14bc0a1322383ab3d1e6c51dfcb8c824a2efa6549b83c"},
    {file = "apsw-3.40.1.0-cp311-cp311-macosx_10_9_universal2.whl", hash = "sha256:b26715710c40186c2092bd5e128d590805970ac10f4e90bf7bcba6fd6d33f756"},
    {file = "apsw-3.40.1.0-cp311-cp311-macosx_10_9_x86_64.whl", hash = "sha256:b29a21a666d75d94c121165f736158cb81e12df8d913457ff6f76c9342790465"},
    {file = "apsw-3.40.1.0-cp311-cp311-macosx_11_0_arm64.whl", hash = "sha256:4c807cad5949d44a38a9ddcdc4c613f8c3a3c8ff8c30f49a1b48730382b1a76c"},
    {file = "apsw-3.40.1.0-cp311-cp311-manylinux_2_17_aarch64.manylinux2014_aarch64.whl", hash = "sha256:e244f0327a9c48150c8ebfd4decc11d4a5bc03ecb891e1d4db782502171772ee"},
    {file = "apsw-3.40.1.0-cp311-cp311-manylinux_2_17_x86_64.manylinux2014_x86_64.whl", hash = "sha256:a33ca570e21ed6b00c02aa639e8226a53d90bcd524c6057fd30d61bb272112b1"},
    {file = "apsw-3.40.1.0-cp311-cp311-manylinux_2_5_i686.manylinux1_i686.manylinux_2_17_i686.manylinux2014_i686.whl", hash = "sha256:66d1f708a8bbb60abe89a4d7fcef9aead01f7e4685d1a62d21a03d98ed07b54e"},
    {file = "apsw-3.40.1.0-cp311-cp311-musllinux_1_1_aarch64.whl", hash = "sha256:2f76a39854e682abc7b9c27235a7f40390166d996511bf4189a8c100e27d8497"},
    {file = "apsw-3.40.1.0-cp311-cp311-musllinux_1_1_i686.whl", hash = "sha256:156e0ded392f6b46567466d9189800f3abdfe2f16c6f68182055e6b14d9b10ca"},
    {file = "apsw-3.40.1.0-cp311-cp311-musllinux_1_1_x86_64.whl", hash = "sha256:b886f17d89296fdb207acf6ec6c9557464e08e6744af49946f35d24ff80d1838"},
    {file = "apsw-3.40.1.0-cp311-cp311-win32.whl", hash = "sha256:1f4dae5688b2c737668b0c4d77b1c4a61a2f5d9acc90bb6fe09b8ab45e6daebc"},
    {file = "apsw-3.40.1.0-cp311-cp311-win_amd64.whl", hash = "sha256:662b5d6035f0d07df17ac3cb063fe4fd82859a065fea483c178cb71cf4e680d7"},
    {file = "apsw-3.40.1.0-cp36-cp36m-macosx_10_9_x86_64.whl", hash = "sha256:e2d41084bcdb3c8479a6543bb7070659a02a9cb23c12ae4a9b797969c4e8dddc"},
    {file = "apsw-3.40.1.0-cp36-cp36m-manylinux_2_17_aarch64.manylinux2014_aarch64.whl", hash = "sha256:6c15d462804a9c67f0643ee1144e0593035342e5e0e8bd6876700d5d0db66137"},
    {file = "apsw-3.40.1.0-cp36-cp36m-manylinux_2_17_x86_64.manylinux2014_x86_64.whl", hash = "sha256:1886e1ef00a1243d8239c9190e113630a7df706e551870e149aa1b9431da0fb8"},
    {file = "apsw-3.40.1.0-cp36-cp36m-manylinux_2_5_i686.manylinux1_i686.manylinux_2_17_i686.manylinux2014_i686.whl", hash = "sha256:abdb7930bb7860676eb258f754276a5dc41e58330ad1bdcf3b6f78914f5fcd51"},
    {file = "apsw-3.40.1.0-cp36-cp36m-musllinux_1_1_aarch64.whl", hash = "sha256:8dc7f26747787a2520b05649851253a2aeca94d47b853ccc42b80d68dc2c9282"},
    {file = "apsw-3.40.1.0-cp36-cp36m-musllinux_1_1_i686.whl", hash = "sha256:5ec30cbe787e10bfdc43d06a4e87f574a2159a4069155c7496dd020e056be96e"},
    {file = "apsw-3.40.1.0-cp36-cp36m-musllinux_1_1_x86_64.whl", hash = "sha256:0efcd998b34cf139942d1e762d342ee6314b58794cb2755dfc9beb01f94f7742"},
    {file = "apsw-3.40.1.0-cp36-cp36m-win32.whl", hash = "sha256:5172988adad0203679abc3f63a5d3b4c28cf7901afa71b1119a62a2d709e7cb3"},
    {file = "apsw-3.40.1.0-cp36-cp36m-win_amd64.whl", hash = "sha256:0ac7c9c8c72eb4b3d96fe238354499acdb709dd3ae004ab077ea2589c7d3921e"},
    {file = "apsw-3.40.1.0-cp37-cp37m-macosx_10_9_x86_64.whl", hash = "sha256:3c03e0af4eaa5fd5791641a4dba5b4b00b0fcbcf8cff79493fca5610ae6de1e3"},
    {file = "apsw-3.40.1.0-cp37-cp37m-manylinux_2_17_aarch64.manylinux2014_aarch64.whl", hash = "sha256:2dd29c5b3135ef8167f788f79dac2654cafad64d1e8a12881ffa4111feb2f8a9"},
    {file = "apsw-3.40.1.0-cp37-cp37m-manylinux_2_17_x86_64.manylinux2014_x86_64.whl", hash = "sha256:5652b2ab6b83d8267dc54f6be2f4b7d9b4c9597aef6bafb5e25e4396d909a9db"},
    {file = "apsw-3.40.1.0-cp37-cp37m-manylinux_2_5_i686.manylinux1_i686.manylinux_2_17_i686.manylinux2014_i686.whl", hash = "sha256:1fdd5387ab2b0b0d5b359c71bc2b824a287f3574a8a36a78bbc0107078dd79ae"},
    {file = "apsw-3.40.1.0-cp37-cp37m-musllinux_1_1_aarch64.whl", hash = "sha256:ea4068815defbd30dca801f186cfc0e8b5df5278c31416cee4cd5b6e5e6bd54d"},
    {file = "apsw-3.40.1.0-cp37-cp37m-musllinux_1_1_i686.whl", hash = "sha256:f5560f44b62fc83634189e3937e20d74dd4c3ef728e3733d8b150b5f222f6ade"},
    {file = "apsw-3.40.1.0-cp37-cp37m-musllinux_1_1_x86_64.whl", hash = "sha256:75aaf3179d4dfe63bea89451861624db8e551b7738f10da5b9a6abf8d4b1f07a"},
    {file = "apsw-3.40.1.0-cp37-cp37m-win32.whl", hash = "sha256:50dd60617c31c9e7340050ec28d794f502ba1a4ae00405bd11374aa967998c2d"},
    {file = "apsw-3.40.1.0-cp37-cp37m-win_amd64.whl", hash = "sha256:b2221a04bd62dd97eae1ad7cd45ab874e60a57df3b983c19747b24ff72465dc2"},
    {file = "apsw-3.40.1.0-cp38-cp38-macosx_10_9_universal2.whl", hash = "sha256:32009e6ee0bebb90e250b6e5564da05c19fc2a2c5b5d24854ca891c1529398bd"},
    {file = "apsw-3.40.1.0-cp38-cp38-macosx_10_9_x86_64.whl", hash = "sha256:232870de96436b33ff45fca75f15cd0a23705e6c9c8b8446937db1379b3eafe8"},
    {file = "apsw-3.40.1.0-cp38-cp38-macosx_11_0_arm64.whl", hash = "sha256:8634a962ab11f315403e53ab2ebffb91ecb2fef97d69776a45ba9f67b5d64996"},
    {file = "apsw-3.40.1.0-cp38-cp38-manylinux_2_17_aarch64.manylinux2014_aarch64.whl", hash = "sha256:bad4fafc208a950df616e47d42dc5ea5b61f75d931447653c61d7e1346d58875"},
    {file = "apsw-3.40.1.0-cp38-cp38-manylinux_2_17_x86_64.manylinux2014_x86_64.whl", hash = "sha256:af09e2691b2c30949c59898c62015604cceb56d65697a82277230a2b84ce8e45"},
    {file = "apsw-3.40.1.0-cp38-cp38-manylinux_2_5_i686.manylinux1_i686.manylinux_2_17_i686.manylinux2014_i686.whl", hash = "sha256:bbefd8cee34f3597611ac02237c74cb8e7dbb9fe0ce1ffda5fa76161c3d4c567"},
    {file = "apsw-3.40.1.0-cp38-cp38-musllinux_1_1_aarch64.whl", hash = "sha256:04677dabc249239e57dba042d38be5cdc77afcd18a9ff90810a7f7977ea6155d"},
    {file = "apsw-3.40.1.0-cp38-cp38-musllinux_1_1_i686.whl", hash = "sha256:74aae004711f350603c6ef1815b8e767d40e0989ef5809d0a7371f54e404b1d8"},
    {file = "apsw-3.40.1.0-cp38-cp38-musllinux_1_1_x86_64.whl", hash = "sha256:241a20b71dd7e63d7e70ff9013e2764dcae013bd4487c16f2ba9d8dc695f105f"},
    {file = "apsw-3.40.1.0-cp38-cp38-win32.whl", hash = "sha256:02949d9ef4508022b1d4e9db59674c5a20cfd0d8ae449a2a8c2947d6c8e23203"},
    {file = "apsw-3.40.1.0-cp38-cp38-win_amd64.whl", hash = "sha256:fd98bee3e0e2731800a7e38a2a0e10bab0e9422a62df5087fa74fd05bfae56c7"},
    {file = "apsw-3.40.1.0-cp39-cp39-macosx_10_9_universal2.whl", hash = "sha256:dbc810b25a99bb9eed48cad6d1cb25b469fe0ff53188fd87f1903018dce9cc00"},
    {file = "apsw-3.40.1.0-cp39-cp39-macosx_10_9_x86_64.whl", hash = "sha256:ec7fdfef9c827298c63298818539a93abfce5c467fb3c25eede94911dc073ade"},
    {file = "apsw-3.40.1.0-cp39-cp39-macosx_11_0_arm64.whl", hash = "sha256:e675507ee283339f2f7c2b1bf2e853e4de3d5118bcf79f90937dcaa873c9bb27"},
    {file = "apsw-3.40.1.0-cp39-cp39-manylinux_2_17_aarch64.manylinux2014_aarch64.whl", hash = "sha256:bf1fcf636b94585ec9ada73b8e8b73540f0413c96b5bd560a26283f631a64672"},
    {file = "apsw-3.40.1.0-cp39-cp39-manylinux_2_17_x86_64.manylinux2014_x86_64.whl", hash = "sha256:70e1f61202182a58ca3b242dabb50f09d245b9830168702b19ed9976f767e243"},
    {file = "apsw-3.40.1.0-cp39-cp39-manylinux_2_5_i686.manylinux1_i686.manylinux_2_17_i686.manylinux2014_i686.whl", hash = "sha256:348d7c8611abb2e6c7e29f1776ce8e3ba1789ab12e9f4733f69adcc281b6e500"},
    {file = "apsw-3.40.1.0-cp39-cp39-musllinux_1_1_aarch64.whl", hash = "sha256:97733a1202734ff71698ff4e175bc0d2dd380fb9b9910a04f8e744b4779ce19b"},
    {file = "apsw-3.40.1.0-cp39-cp39-musllinux_1_1_i686.whl", hash = "sha256:eb866750adb301c5e604a083e7df0904c07d9d8649271ac30aa0d4014e279088"},
    {file = "apsw-3.40.1.0-cp39-cp39-musllinux_1_1_x86_64.whl", hash = "sha256:f7b1ada63595c44c3dc6fe7b2ede31182b09feda1523b7a5da889f295c2e432d"},
    {file = "apsw-3.40.1.0-cp39-cp39-win32.whl", hash = "sha256:951d4069cad5c3195cc63f426b418205b6c02871cbe10a4f37fd42dba0977955"},
    {file = "apsw-3.40.1.0-cp39-cp39-win_amd64.whl", hash = "sha256:9e71baa2d3bfacb6554ded8383b07454bb0b32b7957af0ad286d942723b90e27"},
    {file = "apsw-3.40.1.0.tar.gz", hash = "sha256:09d3b6ec19cd4d19805e33813ae29c194b53e81f842a76084eb0d9a607256d0c"},
]

[[package]]
name = "colorama"
version = "0.4.6"
description = "Cross-platform colored terminal text."
category = "main"
optional = false
python-versions = "!=3.0.*,!=3.1.*,!=3.2.*,!=3.3.*,!=3.4.*,!=3.5.*,!=3.6.*,>=2.7"
files = [
    {file = "colorama-0.4.6-py2.py3-none-any.whl", hash = "sha256:4f1d9991f5acc0ca119f9d443620b77f9d6b33703e51011c16baf57afb285fc6"},
    {file = "colorama-0.4.6.tar.gz", hash = "sha256:08695f5cb7ed6e0531a20572697297273c47b8cae5a63ffc6d6ed5c201be6e44"},
]

[[package]]
name = "loguru"
version = "0.6.0"
description = "Python logging made (stupidly) simple"
category = "main"
optional = false
python-versions = ">=3.5"
files = [
    {file = "loguru-0.6.0-py3-none-any.whl", hash = "sha256:4e2414d534a2ab57573365b3e6d0234dfb1d84b68b7f3b948e6fb743860a77c3"},
    {file = "loguru-0.6.0.tar.gz", hash = "sha256:066bd06758d0a513e9836fd9c6b5a75bfb3fd36841f4b996bc60b547a309d41c"},
]

[package.dependencies]
colorama = {version = ">=0.3.4", markers = "sys_platform == \"win32\""}
win32-setctime = {version = ">=1.0.0", markers = "sys_platform == \"win32\""}

[package.extras]
dev = ["Sphinx (>=4.1.1)", "black (>=19.10b0)", "colorama (>=0.3.4)", "docutils (==0.16)", "flake8 (>=3.7.7)", "isort (>=5.1.1)", "pytest (>=4.6.2)", "pytest-cov (>=2.7.1)", "sphinx-autobuild (>=0.7.1)", "sphinx-rtd-theme (>=0.4.3)", "tox (>=3.9.0)"]

[[package]]
name = "packaging"
version = "23.0"
description = "Core utilities for Python packages"
category = "main"
optional = false
python-versions = ">=3.7"
files = [
    {file = "packaging-23.0-py3-none-any.whl", hash = "sha256:714ac14496c3e68c99c29b00845f7a2b85f3bb6f1078fd9f72fd20f0570002b2"},
    {file = "packaging-23.0.tar.gz", hash = "sha256:b6ad297f8907de0fa2fe1ccbd26fdaf387f5f47c7275fedf8cce89f99446cf97"},
]

[[package]]
name = "pypdf2"
version = "3.0.1"
description = "A pure-python PDF library capable of splitting, merging, cropping, and transforming PDF files"
category = "main"
optional = false
python-versions = ">=3.6"
files = [
    {file = "PyPDF2-3.0.1.tar.gz", hash = "sha256:a74408f69ba6271f71b9352ef4ed03dc53a31aa404d29b5d31f53bfecfee1440"},
    {file = "pypdf2-3.0.1-py3-none-any.whl", hash = "sha256:d16e4205cfee272fbdc0568b68d82be796540b1537508cef59388f839c191928"},
]

[package.extras]
crypto = ["PyCryptodome"]
dev = ["black", "flit", "pip-tools", "pre-commit (<2.18.0)", "pytest-cov", "wheel"]
docs = ["myst_parser", "sphinx", "sphinx_rtd_theme"]
full = ["Pillow", "PyCryptodome"]
image = ["Pillow"]

[[package]]
name = "pyqt6"
version = "6.4.0"
description = "Python bindings for the Qt cross platform application toolkit"
category = "main"
optional = false
python-versions = ">=3.6.1"
files = [
    {file = "PyQt6-6.4.0-cp37-abi3-macosx_10_14_universal2.whl", hash = "sha256:8e614cc4b95dec8bec8ba3c3eaf821058b45862e66d69a8c4fb5576123f2be98"},
    {file = "PyQt6-6.4.0-cp37-abi3-manylinux_2_28_x86_64.whl", hash = "sha256:79d093ce97010eac92e83a4e8efe231328af9ec757ba78c77e46ca1e007eca0d"},
    {file = "PyQt6-6.4.0-cp37-abi3-win_amd64.whl", hash = "sha256:37e399420866fff5c5bd49f56710dffd3a7a126afc6612b877d666f381bd554f"},
    {file = "PyQt6-6.4.0.tar.gz", hash = "sha256:91392469be1f491905fa9e78fa4e4059a89ab616ddf2ecfd525bc1d65c26bb93"},
]

[package.dependencies]
PyQt6-Qt6 = ">=6.4.0"
PyQt6-sip = ">=13.4,<14"

[[package]]
name = "pyqt6-qt6"
version = "6.4.2"
description = "The subset of a Qt installation needed by PyQt6."
category = "main"
optional = false
python-versions = "*"
files = [
    {file = "PyQt6_Qt6-6.4.2-py3-none-macosx_10_14_x86_64.whl", hash = "sha256:a29b8c858babd523e80c8db5f8fd19792641588ec04eab49af18b7a4423eb99f"},
    {file = "PyQt6_Qt6-6.4.2-py3-none-macosx_11_0_arm64.whl", hash = "sha256:9f07c3c100cb46cca4074965e7494d4df4f0fc016497d5303c1fe135822876e1"},
    {file = "PyQt6_Qt6-6.4.2-py3-none-manylinux_2_28_x86_64.whl", hash = "sha256:c0e91d0275d428496cacff717a9b719c52bfa52b21f124d638b79cc2217bc81e"},
    {file = "PyQt6_Qt6-6.4.2-py3-none-win_amd64.whl", hash = "sha256:d19c4e72615762cd6f0b043f23fa5f0b02656091427ce6de1efccd58e10e6a53"},
]

[[package]]
name = "pyqt6-sip"
version = "13.4.0"
description = "The sip module support for PyQt6"
category = "main"
optional = false
python-versions = ">=3.7"
files = [
    {file = "PyQt6_sip-13.4.0-cp310-cp310-macosx_10_9_universal2.whl", hash = "sha256:3ac7e0800180202dcc0c7035ff88c2a6f4a0f5acb20c4a19f71d807d0f7857b7"},
    {file = "PyQt6_sip-13.4.0-cp310-cp310-manylinux1_x86_64.whl", hash = "sha256:bb4f2e2fdcf3a8dafe4256750bbedd9e7107c4fd8afa9c25be28423c36bb12b8"},
    {file = "PyQt6_sip-13.4.0-cp310-cp310-win_amd64.whl", hash = "sha256:de601187055d684b36ebe6e800a5deacaa55b69d71ad43312b76422cfeae0e12"},
    {file = "PyQt6_sip-13.4.0-cp311-cp311-macosx_10_9_universal2.whl", hash = "sha256:e3b17308ca729bcb6d25c01144c6b2e17d40812231c3ef9caaa72a78db2b1069"},
    {file = "PyQt6_sip-13.4.0-cp311-cp311-manylinux_2_5_x86_64.manylinux1_x86_64.whl", hash = "sha256:d51704d50b82713fd7c928b7deb31e17be239ddac74fc2fd708e52bd21ecea3a"},
    {file = "PyQt6_sip-13.4.0-cp311-cp311-win_amd64.whl", hash = "sha256:77af9c7e3f50414ec5af9b1534aaf2ba25115ae65aa5ed735111c8ef0884b862"},
    {file = "PyQt6_sip-13.4.0-cp37-cp37m-macosx_10_9_x86_64.whl", hash = "sha256:83b446d247a92d119d507dbc94fc1f47389d8118a5b6232a2859951157319a30"},
    {file = "PyQt6_sip-13.4.0-cp37-cp37m-manylinux1_x86_64.whl", hash = "sha256:802b0cfed19900183220c46895c2635f0dd062f2d275a25506423f911ef74db4"},
    {file = "PyQt6_sip-13.4.0-cp37-cp37m-win_amd64.whl", hash = "sha256:2694ae67811cefb6ea3ee0e9995755b45e4952f4dcadec8c04300fd828f91c75"},
    {file = "PyQt6_sip-13.4.0-cp38-cp38-macosx_10_9_x86_64.whl", hash = "sha256:9e03c780846fd5d71c06e33322fd11a05713d9cd410e3571d069ac9a84077647"},
    {file = "PyQt6_sip-13.4.0-cp38-cp38-manylinux1_x86_64.whl", hash = "sha256:9c5231536e6153071b22175e46e368045fd08d772a90d772a0977d1166c7822c"},
    {file = "PyQt6_sip-13.4.0-cp38-cp38-win_amd64.whl", hash = "sha256:cfdcd43e123bd55c155cfe7a33895033e6d25de90a48ed9c25a0ddd0196a810e"},
    {file = "PyQt6_sip-13.4.0-cp39-cp39-macosx_10_9_universal2.whl", hash = "sha256:3de18c4a32f717a351d560a39f528af24077f5135aacfa8890a2f2d79f0633da"},
    {file = "PyQt6_sip-13.4.0-cp39-cp39-manylinux1_x86_64.whl", hash = "sha256:fd2df2a9479b8ac858117bd55dc0ec0bd1ce6c8f3486b0cc5e860c0540a8bba0"},
    {file = "PyQt6_sip-13.4.0-cp39-cp39-win_amd64.whl", hash = "sha256:3486914137f5336cff6e10a5e9d52c1e60ff883473938b45f267f794daeacb2f"},
    {file = "PyQt6_sip-13.4.0.tar.gz", hash = "sha256:6d87a3ee5872d7511b76957d68a32109352caf3b7a42a01d9ee20032b350d979"},
]

[[package]]
name = "qtawesome"
version = "1.2.2"
description = "FontAwesome icons in PyQt and PySide applications"
category = "main"
optional = false
python-versions = ">=3.7"
files = [
    {file = "QtAwesome-1.2.2-py3-none-any.whl", hash = "sha256:c575789e73b35be8f1a8c1474a650dff1afff37b41c1d8878c0e24215bba6590"},
    {file = "QtAwesome-1.2.2.tar.gz", hash = "sha256:97b6c66456592195494993d60ac82cc6b85fe49bfd1f12973eb2ad1fee20fa3f"},
]

[package.dependencies]
qtpy = "*"

[[package]]
name = "qtpy"
version = "2.3.0"
description = "Provides an abstraction layer on top of the various Qt bindings (PyQt5/6 and PySide2/6)."
category = "main"
optional = false
python-versions = ">=3.7"
files = [
    {file = "QtPy-2.3.0-py3-none-any.whl", hash = "sha256:8d6d544fc20facd27360ea189592e6135c614785f0dec0b4f083289de6beb408"},
    {file = "QtPy-2.3.0.tar.gz", hash = "sha256:0603c9c83ccc035a4717a12908bf6bc6cb22509827ea2ec0e94c2da7c9ed57c5"},
]

[package.dependencies]
packaging = "*"

[package.extras]
test = ["pytest (>=6,!=7.0.0,!=7.0.1)", "pytest-cov (>=3.0.0)", "pytest-qt"]

[[package]]
name = "win32-setctime"
version = "1.1.0"
description = "A small Python utility to set file creation time on Windows"
category = "main"
optional = false
python-versions = ">=3.5"
files = [
    {file = "win32_setctime-1.1.0-py3-none-any.whl", hash = "sha256:231db239e959c2fe7eb1d7dc129f11172354f98361c4fa2d6d2d7e278baa8aad"},
    {file = "win32_setctime-1.1.0.tar.gz", hash = "sha256:15cf5750465118d6929ae4de4eb46e8edae9a5634350c01ba582df868e932cb2"},
]

[package.extras]
dev = ["black (>=19.3b0)", "pytest (>=4.6.2)"]

[metadata]
lock-version = "2.0"
python-versions = "^3.11"
content-hash = "e1e7abd2b77d62ce5421a7f4c133a6d47ffde07cf7b381f8a05b1012bf1e10f7"
